PODS:
  - MushengLoginMoudle (0.1.7):
    - SnapKit
  - SnapKit (4.2.0)

DEPENDENCIES:
  - MushengLoginMoudle (from `../`)

SPEC REPOS:
  trunk:
    - SnapKit

EXTERNAL SOURCES:
  MushengLoginMoudle:
    :path: "../"

SPEC CHECKSUMS:
  MushengLoginMoudle: 0a9df990a4dfbb3cfe77797440b12b19be527fb2
  SnapKit: fe8a619752f3f27075cc9a90244d75c6c3f27e2a

PODFILE CHECKSUM: a972f4367016b1d247f20b96bb5d7d8e1816967f

COCOAPODS: 1.11.2
